<?xml version="1.0" encoding="UTF-8" standalone="yes" ?>
<CodeBlocks_project_file>
	<FileVersion major="1" minor="6" />
	<Project>
		<Option title="Dusk" />
		<Option pch_mode="2" />
		<Option compiler="gcc" />
		<Build>
			<Target title="Win-Debug">
				<Option output="bin/Debug/DuskTest" prefix_auto="1" extension_auto="1" />
				<Option object_output="obj/Debug/" />
				<Option type="1" />
				<Option compiler="gcc" />
				<Option parameters="plugins-windows-debug.cfg" />
				<Compiler>
					<Add option="-g" />
					<Add option="-D_DEBUG" />
					<Add option="-DWIN32" />
					<Add option="-D_WINDOWS" />
					<Add directory="$(OGRE_HOME)/include" />
				</Compiler>
				<Linker>
					<Add library="OgreMain_d" />
					<Add library="OIS_D" />
					<Add library="lua51" />
					<Add directory="$(OGRE_HOME)/lib" />
					<Add directory="$(OGRE_HOME)/bin/Debug" />
					<Add directory="$(OGRE_HOME)/bin/Release" />
					<Add directory="lua51" />
				</Linker>
			</Target>
			<Target title="Win-Release">
				<Option output="bin/Release/DuskTest" prefix_auto="1" extension_auto="1" />
				<Option object_output="obj/Release/" />
				<Option type="1" />
				<Option compiler="gcc" />
				<Option parameters="plugins-windows-debug.cfg" />
				<Compiler>
					<Add option="-O2" />
					<Add option="-DWIN32" />
					<Add option="-D_WINDOWS" />
					<Add directory="$(OGRE_HOME)/include" />
				</Compiler>
				<Linker>
					<Add library="OgreMain_d" />
					<Add library="OIS_D" />
					<Add library="lua51" />
					<Add directory="$(OGRE_HOME)/lib" />
					<Add directory="$(OGRE_HOME)/bin/Debug" />
					<Add directory="$(OGRE_HOME)/bin/Release" />
					<Add directory="lua51" />
				</Linker>
			</Target>
			<Target title="Linux-Debug">
				<Option output="Dusk" prefix_auto="1" extension_auto="1" />
				<Option object_output="obj/Debug/" />
				<Option type="1" />
				<Option compiler="gcc" />
				<Option parameters="plugins-linux.cfg" />
				<Compiler>
					<Add option="-g" />
					<Add option="`pkg-config --cflags OGRE`" />
				</Compiler>
				<Linker>
					<Add option="`pkg-config --libs OGRE`" />
					<Add library="OgreMain" />
					<Add library="OIS" />
					<Add library="GL" />
					<Add library="lua50" />
					<Add library="lualib50" />
					<Add directory="/bin/Debug" />
					<Add directory="/bin/Release" />
				</Linker>
			</Target>
			<Target title="Linux-Release">
				<Option output="Dusk" prefix_auto="1" extension_auto="1" />
				<Option object_output="obj/Release/" />
				<Option type="0" />
				<Option compiler="gcc" />
				<Option parameters="plugins-linux.cfg" />
				<Compiler>
					<Add option="-O2" />
				</Compiler>
				<Linker>
					<Add option="-s" />
					<Add option="`pkg-config --libs OGRE`" />
					<Add library="OgreMain" />
					<Add library="GL" />
					<Add library="OIS" />
					<Add library="lua50" />
					<Add library="lualib50" />
					<Add directory="/bin/Debug" />
					<Add directory="/bin/Release" />
				</Linker>
			</Target>
		</Build>
		<Compiler>
			<Add option="-Wall" />
			<Add option="-fexceptions" />
		</Compiler>
		<Unit filename="API.cpp" />
		<Unit filename="API.h" />
		<Unit filename="AnimatedObject.cpp" />
		<Unit filename="AnimatedObject.h" />
		<Unit filename="AnimationData.cpp" />
		<Unit filename="AnimationData.h" />
		<Unit filename="Application.cpp" />
		<Unit filename="Application.h" />
		<Unit filename="Camera.cpp" />
		<Unit filename="Camera.h" />
		<Unit filename="Command.cpp" />
		<Unit filename="Command.h" />
		<Unit filename="CommandAssociateSound.cpp" />
		<Unit filename="CommandAssociateSound.h" />
		<Unit filename="CommandLoopSound.cpp" />
		<Unit filename="CommandLoopSound.h" />
		<Unit filename="CommandMediaSound.cpp" />
		<Unit filename="CommandMediaSound.h" />
		<Unit filename="CommandMove.cpp" />
		<Unit filename="CommandMove.h" />
		<Unit filename="CommandNoiseSound.cpp" />
		<Unit filename="CommandNoiseSound.h" />
		<Unit filename="CommandPickUp.cpp" />
		<Unit filename="CommandPickUp.h" />
		<Unit filename="CommandPlaySound.cpp" />
		<Unit filename="CommandPlaySound.h" />
		<Unit filename="CommandQuit.cpp" />
		<Unit filename="CommandQuit.h" />
		<Unit filename="CommandSoundVolume.cpp" />
		<Unit filename="CommandSoundVolume.h" />
		<Unit filename="CommandWeather.cpp" />
		<Unit filename="CommandWeather.h" />
		<Unit filename="CommandZoom.cpp" />
		<Unit filename="CommandZoom.h" />
		<Unit filename="Console.cpp" />
		<Unit filename="Console.h" />
		<Unit filename="Container.cpp" />
		<Unit filename="Container.h" />
		<Unit filename="ContainerBase.cpp" />
		<Unit filename="ContainerBase.h" />
		<Unit filename="DataLoader.cpp" />
		<Unit filename="DataLoader.h" />
		<Unit filename="Dialogue.cpp" />
		<Unit filename="Dialogue.h" />
		<Unit filename="DiceBox.cpp" />
		<Unit filename="DiceBox.h" />
		<Unit filename="Dispatcher.cpp" />
		<Unit filename="Dispatcher.h" />
		<Unit filename="Dusk.h" />
		<Unit filename="DuskConstants.h" />
		<Unit filename="DuskFunctions.cpp" />
		<Unit filename="DuskFunctions.h" />
		<Unit filename="DuskObject.cpp" />
		<Unit filename="DuskObject.h" />
		<Unit filename="DuskTypes.h" />
		<Unit filename="FrameListener.cpp" />
		<Unit filename="FrameListener.h" />
		<Unit filename="InjectionObject.cpp" />
		<Unit filename="InjectionObject.h" />
		<Unit filename="InputEvent.cpp" />
		<Unit filename="InputEvent.h" />
		<Unit filename="InputSystem.cpp" />
		<Unit filename="InputSystem.h" />
		<Unit filename="InputSystemBinding.cpp" />
		<Unit filename="InputSystemBinding.h" />
		<Unit filename="InputSystemEditor.cpp" />
		<Unit filename="InputSystemEditor.h" />
		<Unit filename="Inventory.cpp" />
		<Unit filename="Inventory.h" />
		<Unit filename="Item.cpp" />
		<Unit filename="Item.h" />
		<Unit filename="ItemBase.cpp" />
		<Unit filename="ItemBase.h" />
		<Unit filename="Journal.cpp" />
		<Unit filename="Journal.h" />
		<Unit filename="Landscape.cpp" />
		<Unit filename="Landscape.h" />
		<Unit filename="Light.cpp" />
		<Unit filename="Light.h" />
		<Unit filename="LightBase.cpp" />
		<Unit filename="LightBase.h" />
		<Unit filename="LuaBindingsAnimated.cpp" />
		<Unit filename="LuaBindingsAnimated.h" />
		<Unit filename="LuaBindingsNPC.cpp" />
		<Unit filename="LuaBindingsNPC.h" />
		<Unit filename="LuaBindingsObject.cpp" />
		<Unit filename="LuaBindingsObject.h" />
		<Unit filename="LuaBindingsQuestLog.cpp" />
		<Unit filename="LuaBindingsQuestLog.h" />
		<Unit filename="LuaBindingsSound.cpp" />
		<Unit filename="LuaBindingsSound.h" />
		<Unit filename="LuaBindingsUniformMotion.cpp" />
		<Unit filename="LuaBindingsUniformMotion.h" />
		<Unit filename="LuaBindingsWeather.cpp" />
		<Unit filename="LuaBindingsWeather.h" />
		<Unit filename="LuaEngine.cpp" />
		<Unit filename="LuaEngine.h" />
		<Unit filename="LuaIncludes.h" />
		<Unit filename="Menu.cpp" />
		<Unit filename="Menu.h" />
		<Unit filename="Messages.cpp" />
		<Unit filename="Messages.h" />
		<Unit filename="NPC.cpp" />
		<Unit filename="NPC.h" />
		<Unit filename="NPCBase.cpp" />
		<Unit filename="NPCBase.h" />
		<Unit filename="ObjectBase.cpp" />
		<Unit filename="ObjectBase.h" />
		<Unit filename="ObjectData.cpp" />
		<Unit filename="ObjectData.h" />
		<Unit filename="Player.cpp" />
		<Unit filename="Player.h" />
		<Unit filename="Projectile.cpp" />
		<Unit filename="Projectile.h" />
		<Unit filename="ProjectileBase.cpp" />
		<Unit filename="ProjectileBase.h" />
		<Unit filename="QuestLog.cpp" />
		<Unit filename="QuestLog.h" />
		<Unit filename="Scene.cpp" />
		<Unit filename="Scene.h" />
		<Unit filename="Script.cpp" />
		<Unit filename="Script.h" />
		<Unit filename="Settings.cpp" />
		<Unit filename="Settings.h" />
		<Unit filename="Sound.cpp" />
		<Unit filename="Sound.h" />
		<Unit filename="UniformMotionObject.cpp" />
		<Unit filename="UniformMotionObject.h" />
		<Unit filename="WaypointObject.cpp" />
		<Unit filename="WaypointObject.h" />
		<Unit filename="WeaponBase.cpp" />
		<Unit filename="WeaponBase.h" />
		<Unit filename="Weather.cpp" />
		<Unit filename="Weather.h" />
		<Unit filename="main.cpp" />
		<Extensions>
			<code_completion />
			<envvars />
			<debugger />
		</Extensions>
	</Project>
</CodeBlocks_project_file>
