<?xml version="1.0" encoding="UTF-8" standalone="yes" ?>
<CodeBlocks_project_file>
	<FileVersion major="1" minor="6" />
	<Project>
		<Option title="Dusk" />
		<Option pch_mode="2" />
		<Option compiler="gcc" />
		<Build>
			<Target title="Win-Debug">
				<Option output="bin/Debug/DuskTest" prefix_auto="1" extension_auto="1" />
				<Option object_output="obj/Debug/" />
				<Option type="1" />
				<Option compiler="gcc" />
				<Option parameters="plugins-windows-debug.cfg" />
				<Compiler>
					<Add option="-g" />
					<Add option="-D_DEBUG" />
					<Add option="-DWIN32" />
					<Add option="-D_WINDOWS" />
					<Add directory="$(OGRE_HOME)/include" />
				</Compiler>
				<Linker>
					<Add library="OgreMain_d" />
					<Add library="OIS_D" />
					<Add library="lua51" />
					<Add directory="$(OGRE_HOME)/lib" />
					<Add directory="$(OGRE_HOME)/bin/Debug" />
					<Add directory="$(OGRE_HOME)/bin/Release" />
					<Add directory="lua51" />
				</Linker>
			</Target>
			<Target title="Win-Release">
				<Option output="bin/Release/DuskTest" prefix_auto="1" extension_auto="1" />
				<Option object_output="obj/Release/" />
				<Option type="1" />
				<Option compiler="gcc" />
				<Option parameters="plugins-windows-debug.cfg" />
				<Compiler>
					<Add option="-O2" />
					<Add option="-DWIN32" />
					<Add option="-D_WINDOWS" />
					<Add directory="$(OGRE_HOME)/include" />
				</Compiler>
				<Linker>
					<Add library="OgreMain" />
					<Add library="OIS" />
					<Add library="lua51" />
					<Add directory="$(OGRE_HOME)/lib" />
					<Add directory="$(OGRE_HOME)/bin/Debug" />
					<Add directory="$(OGRE_HOME)/bin/Release" />
					<Add directory="lua51" />
				</Linker>
			</Target>
			<Target title="Linux-Debug">
				<Option output="Dusk" prefix_auto="1" extension_auto="1" />
				<Option object_output="obj/Debug/" />
				<Option type="1" />
				<Option compiler="gcc" />
				<Option parameters="plugins-linux.cfg" />
				<Compiler>
					<Add option="-g" />
					<Add option="`pkg-config --cflags OGRE`" />
				</Compiler>
				<Linker>
					<Add option="`pkg-config --libs OGRE`" />
					<Add library="OgreMain" />
					<Add library="OIS" />
					<Add library="GL" />
					<Add library="lua50" />
					<Add library="lualib50" />
					<Add directory="/bin/Debug" />
					<Add directory="/bin/Release" />
				</Linker>
			</Target>
			<Target title="Linux-Release">
				<Option output="Dusk" prefix_auto="1" extension_auto="1" />
				<Option object_output="obj/Release/" />
				<Option type="0" />
				<Option compiler="gcc" />
				<Option parameters="plugins-linux.cfg" />
				<Compiler>
					<Add option="-O2" />
					<Add option="`pkg-config --cflags OGRE`" />
				</Compiler>
				<Linker>
					<Add option="-s" />
					<Add option="`pkg-config --libs OGRE`" />
					<Add library="OgreMain" />
					<Add library="GL" />
					<Add library="OIS" />
					<Add library="lua50" />
					<Add library="lualib50" />
					<Add directory="/bin/Debug" />
					<Add directory="/bin/Release" />
				</Linker>
			</Target>
		</Build>
		<Compiler>
			<Add option="-Wall" />
			<Add option="-fexceptions" />
		</Compiler>
		<Unit filename="API.cpp" />
		<Unit filename="API.h" />
		<Unit filename="Application.cpp" />
		<Unit filename="Application.h" />
		<Unit filename="Camera.cpp" />
		<Unit filename="Camera.h" />
		<Unit filename="Celestial.cpp" />
		<Unit filename="Celestial.h" />
		<Unit filename="DataLoader.cpp" />
		<Unit filename="DataLoader.h" />
		<Unit filename="Dialogue.cpp" />
		<Unit filename="Dialogue.h" />
		<Unit filename="DiceBox.cpp" />
		<Unit filename="DiceBox.h" />
		<Unit filename="Dusk.h" />
		<Unit filename="DuskConstants.h" />
		<Unit filename="DuskExceptions.cpp" />
		<Unit filename="DuskExceptions.h" />
		<Unit filename="DuskFunctions.cpp" />
		<Unit filename="DuskFunctions.h" />
		<Unit filename="DuskTypes.h" />
		<Unit filename="FrameListener.cpp" />
		<Unit filename="FrameListener.h" />
		<Unit filename="InjectionManager.cpp" />
		<Unit filename="InjectionManager.h" />
		<Unit filename="InputEvent.cpp" />
		<Unit filename="InputEvent.h" />
		<Unit filename="InputSystem.cpp" />
		<Unit filename="InputSystem.h" />
		<Unit filename="InputSystemBinding.cpp" />
		<Unit filename="InputSystemBinding.h" />
		<Unit filename="InputSystemEditor.cpp" />
		<Unit filename="InputSystemEditor.h" />
		<Unit filename="Inventory.cpp" />
		<Unit filename="Inventory.h" />
		<Unit filename="Journal.cpp" />
		<Unit filename="Journal.h" />
		<Unit filename="Landscape.cpp" />
		<Unit filename="Landscape.h" />
		<Unit filename="Menu.cpp" />
		<Unit filename="Menu.h" />
		<Unit filename="Messages.cpp" />
		<Unit filename="Messages.h" />
		<Unit filename="ObjectManager.cpp" />
		<Unit filename="ObjectManager.h" />
		<Unit filename="QuestLog.cpp" />
		<Unit filename="QuestLog.h" />
		<Unit filename="Scene.cpp" />
		<Unit filename="Scene.h" />
		<Unit filename="Script.cpp" />
		<Unit filename="Script.h" />
		<Unit filename="Settings.cpp" />
		<Unit filename="Settings.h" />
		<Unit filename="Sound.cpp" />
		<Unit filename="Sound.h" />
		<Unit filename="Sun.cpp" />
		<Unit filename="Sun.h" />
		<Unit filename="Trigger.cpp" />
		<Unit filename="Trigger.h" />
		<Unit filename="TriggerManager.cpp" />
		<Unit filename="TriggerManager.h" />
		<Unit filename="VertexDataFunc.cpp" />
		<Unit filename="VertexDataFunc.h" />
		<Unit filename="Weather.cpp" />
		<Unit filename="Weather.h" />
		<Unit filename="console/Command.cpp" />
		<Unit filename="console/Command.h" />
		<Unit filename="console/CommandAssociateSound.cpp" />
		<Unit filename="console/CommandAssociateSound.h" />
		<Unit filename="console/CommandAttack.cpp" />
		<Unit filename="console/CommandAttack.h" />
		<Unit filename="console/CommandBindKey.cpp" />
		<Unit filename="console/CommandBindKey.h" />
		<Unit filename="console/CommandLoopSound.cpp" />
		<Unit filename="console/CommandLoopSound.h" />
		<Unit filename="console/CommandMediaSound.cpp" />
		<Unit filename="console/CommandMediaSound.h" />
		<Unit filename="console/CommandMove.cpp" />
		<Unit filename="console/CommandMove.h" />
		<Unit filename="console/CommandNoiseSound.cpp" />
		<Unit filename="console/CommandNoiseSound.h" />
		<Unit filename="console/CommandPickUp.cpp" />
		<Unit filename="console/CommandPickUp.h" />
		<Unit filename="console/CommandPlaySound.cpp" />
		<Unit filename="console/CommandPlaySound.h" />
		<Unit filename="console/CommandQuestLog.cpp" />
		<Unit filename="console/CommandQuestLog.h" />
		<Unit filename="console/CommandQuit.cpp" />
		<Unit filename="console/CommandQuit.h" />
		<Unit filename="console/CommandScreenshot.cpp" />
		<Unit filename="console/CommandScreenshot.h" />
		<Unit filename="console/CommandSoundVolume.cpp" />
		<Unit filename="console/CommandSoundVolume.h" />
		<Unit filename="console/CommandWeather.cpp" />
		<Unit filename="console/CommandWeather.h" />
		<Unit filename="console/CommandZoom.cpp" />
		<Unit filename="console/CommandZoom.h" />
		<Unit filename="console/Console.cpp" />
		<Unit filename="console/Console.h" />
		<Unit filename="console/Dispatcher.cpp" />
		<Unit filename="console/Dispatcher.h" />
		<Unit filename="database/ContainerRecord.cpp" />
		<Unit filename="database/ContainerRecord.h" />
		<Unit filename="database/DataRecord.h" />
		<Unit filename="database/Database.cpp" />
		<Unit filename="database/Database.h" />
		<Unit filename="database/ItemRecord.cpp" />
		<Unit filename="database/ItemRecord.h" />
		<Unit filename="database/LightRecord.cpp" />
		<Unit filename="database/LightRecord.h" />
		<Unit filename="database/NPCRecord.cpp" />
		<Unit filename="database/NPCRecord.h" />
		<Unit filename="database/ObjectRecord.cpp" />
		<Unit filename="database/ObjectRecord.h" />
		<Unit filename="database/ProjectileRecord.cpp" />
		<Unit filename="database/ProjectileRecord.h" />
		<Unit filename="database/ResourceRecord.cpp" />
		<Unit filename="database/ResourceRecord.h" />
		<Unit filename="database/SoundBase.cpp" />
		<Unit filename="database/SoundBase.h" />
		<Unit filename="database/VehicleRecord.cpp" />
		<Unit filename="database/VehicleRecord.h" />
		<Unit filename="database/WeaponRecord.cpp" />
		<Unit filename="database/WeaponRecord.h" />
		<Unit filename="lua/LuaBindingsAnimated.cpp" />
		<Unit filename="lua/LuaBindingsAnimated.h" />
		<Unit filename="lua/LuaBindingsNPC.cpp" />
		<Unit filename="lua/LuaBindingsNPC.h" />
		<Unit filename="lua/LuaBindingsObject.cpp" />
		<Unit filename="lua/LuaBindingsObject.h" />
		<Unit filename="lua/LuaBindingsQuestLog.cpp" />
		<Unit filename="lua/LuaBindingsQuestLog.h" />
		<Unit filename="lua/LuaBindingsSound.cpp" />
		<Unit filename="lua/LuaBindingsSound.h" />
		<Unit filename="lua/LuaBindingsUniformMotion.cpp" />
		<Unit filename="lua/LuaBindingsUniformMotion.h" />
		<Unit filename="lua/LuaBindingsWeather.cpp" />
		<Unit filename="lua/LuaBindingsWeather.h" />
		<Unit filename="lua/LuaEngine.cpp" />
		<Unit filename="lua/LuaEngine.h" />
		<Unit filename="lua/LuaIncludes.h" />
		<Unit filename="main.cpp" />
		<Unit filename="objects/AnimatedObject.cpp" />
		<Unit filename="objects/AnimatedObject.h" />
		<Unit filename="objects/Container.cpp" />
		<Unit filename="objects/Container.h" />
		<Unit filename="objects/DuskObject.cpp" />
		<Unit filename="objects/DuskObject.h" />
		<Unit filename="objects/InjectionObject.cpp" />
		<Unit filename="objects/InjectionObject.h" />
		<Unit filename="objects/Item.cpp" />
		<Unit filename="objects/Item.h" />
		<Unit filename="objects/Light.cpp" />
		<Unit filename="objects/Light.h" />
		<Unit filename="objects/NPC.cpp" />
		<Unit filename="objects/NPC.h" />
		<Unit filename="objects/Player.cpp" />
		<Unit filename="objects/Player.h" />
		<Unit filename="objects/Projectile.cpp" />
		<Unit filename="objects/Projectile.h" />
		<Unit filename="objects/Resource.cpp" />
		<Unit filename="objects/Resource.h" />
		<Unit filename="objects/UniformMotionObject.cpp" />
		<Unit filename="objects/UniformMotionObject.h" />
		<Unit filename="objects/Vehicle.cpp" />
		<Unit filename="objects/Vehicle.h" />
		<Unit filename="objects/WaypointObject.cpp" />
		<Unit filename="objects/WaypointObject.h" />
		<Unit filename="objects/Weapon.cpp" />
		<Unit filename="objects/Weapon.h" />
		<Extensions>
			<code_completion />
			<envvars />
			<debugger />
		</Extensions>
	</Project>
</CodeBlocks_project_file>
