<?xml version="1.0" encoding="UTF-8" standalone="yes" ?>
<CodeBlocks_project_file>
	<FileVersion major="1" minor="6" />
	<Project>
		<Option title="Editor" />
		<Option pch_mode="2" />
		<Option compiler="gcc" />
		<Build>
			<Target title="Linux-Release">
				<Option output="bin\Release\Editor" prefix_auto="1" extension_auto="1" />
				<Option object_output="obj\Release\" />
				<Option type="1" />
				<Option compiler="gcc" />
				<Compiler>
					<Add option="-O2" />
					<Add directory="\usr\include\OGRE\" />
					<Add directory="\usr\include\CEGUI\" />
				</Compiler>
				<Linker>
					<Add option="-s" />
					<Add option="`pkg-config --libs OGRE`" />
					<Add library="OgreMain" />
					<Add library="OIS" />
					<Add library="CEGUIOgreRenderer" />
					<Add library="CEGUIBase" />
					<Add library="lua50" />
					<Add library="lualib50" />
				</Linker>
			</Target>
			<Target title="Windows-Release">
				<Option output="bin\Release\Editor" prefix_auto="1" extension_auto="1" />
				<Option object_output="obj\Release\" />
				<Option type="1" />
				<Option compiler="gcc" />
				<Compiler>
					<Add option="-O2" />
					<Add directory="$(OGRE_HOME)\include" />
					<Add directory="$(CEGUI_HOME)\include" />
					<Add directory="$(OGRE_HOME)\include\CEGUI\" />
					<Add directory="$(OGRE_HOME)\samples\include" />
				</Compiler>
				<Linker>
					<Add option="-s" />
					<Add option="`pkg-config --libs OGRE`" />
					<Add library="OgreMain" />
					<Add library="OIS" />
					<Add library="OgreGUIRenderer" />
					<Add library="CEGUIBase" />
					<Add library="lua51" />
					<Add directory="$(OGRE_HOME)\bin\release" />
					<Add directory="..\Engine\lua51" />
				</Linker>
			</Target>
		</Build>
		<Compiler>
			<Add option="-Wall" />
			<Add option="-DDUSK_EDITOR" />
		</Compiler>
		<Unit filename="EditorApplication.cpp" />
		<Unit filename="EditorApplication.h" />
		<Unit filename="EditorCamera.cpp" />
		<Unit filename="EditorCamera.h" />
		<Unit filename="EditorFrameListener.cpp" />
		<Unit filename="EditorFrameListener.h" />
		<Unit filename="main.cpp" />
		<Unit filename="..\Engine\API.cpp" />
		<Unit filename="..\Engine\API.h" />
		<Unit filename="..\Engine\AnimatedObject.cpp" />
		<Unit filename="..\Engine\AnimatedObject.h" />
		<Unit filename="..\Engine\AnimationData.cpp" />
		<Unit filename="..\Engine\AnimationData.h" />
		<Unit filename="..\Engine\Container.cpp" />
		<Unit filename="..\Engine\Container.h" />
		<Unit filename="..\Engine\ContainerBase.cpp" />
		<Unit filename="..\Engine\ContainerBase.h" />
		<Unit filename="..\Engine\DataLoader.cpp" />
		<Unit filename="..\Engine\DataLoader.h" />
		<Unit filename="..\Engine\Dialogue.cpp" />
		<Unit filename="..\Engine\Dialogue.h" />
		<Unit filename="..\Engine\DuskConstants.h" />
		<Unit filename="..\Engine\DuskFunctions.cpp" />
		<Unit filename="..\Engine\DuskFunctions.h" />
		<Unit filename="..\Engine\DuskObject.cpp" />
		<Unit filename="..\Engine\DuskObject.h" />
		<Unit filename="..\Engine\Inventory.cpp" />
		<Unit filename="..\Engine\Inventory.h" />
		<Unit filename="..\Engine\Item.cpp" />
		<Unit filename="..\Engine\Item.h" />
		<Unit filename="..\Engine\ItemBase.cpp" />
		<Unit filename="..\Engine\ItemBase.h" />
		<Unit filename="..\Engine\Journal.cpp" />
		<Unit filename="..\Engine\Journal.h" />
		<Unit filename="..\Engine\Landscape.cpp" />
		<Unit filename="..\Engine\Landscape.h" />
		<Unit filename="..\Engine\Light.cpp" />
		<Unit filename="..\Engine\Light.h" />
		<Unit filename="..\Engine\LightBase.cpp" />
		<Unit filename="..\Engine\LightBase.h" />
		<Unit filename="..\Engine\LuaBindingsNPC.cpp" />
		<Unit filename="..\Engine\LuaBindingsNPC.h" />
		<Unit filename="..\Engine\LuaBindingsObject.cpp" />
		<Unit filename="..\Engine\LuaBindingsObject.h" />
		<Unit filename="..\Engine\LuaBindingsQuestLog.cpp" />
		<Unit filename="..\Engine\LuaBindingsQuestLog.h" />
		<Unit filename="..\Engine\LuaBindingsSound.cpp" />
		<Unit filename="..\Engine\LuaBindingsSound.h" />
		<Unit filename="..\Engine\LuaBindingsWeather.cpp" />
		<Unit filename="..\Engine\LuaBindingsWeather.h" />
		<Unit filename="..\Engine\LuaEngine.cpp" />
		<Unit filename="..\Engine\LuaEngine.h" />
		<Unit filename="..\Engine\LuaIncludes.h" />
		<Unit filename="..\Engine\NPC.cpp" />
		<Unit filename="..\Engine\NPC.h" />
		<Unit filename="..\Engine\NPCBase.cpp" />
		<Unit filename="..\Engine\NPCBase.h" />
		<Unit filename="..\Engine\ObjectBase.cpp" />
		<Unit filename="..\Engine\ObjectBase.h" />
		<Unit filename="..\Engine\ObjectData.cpp" />
		<Unit filename="..\Engine\ObjectData.h" />
		<Unit filename="..\Engine\QuestLog.cpp" />
		<Unit filename="..\Engine\QuestLog.h" />
		<Unit filename="..\Engine\Script.cpp" />
		<Unit filename="..\Engine\Script.h" />
		<Unit filename="..\Engine\Settings.cpp" />
		<Unit filename="..\Engine\Settings.h" />
		<Unit filename="..\Engine\Sound.cpp" />
		<Unit filename="..\Engine\Sound.h" />
		<Unit filename="..\Engine\Weather.cpp" />
		<Unit filename="..\Engine\Weather.h" />
		<Extensions>
			<code_completion />
			<debugger />
			<envvars />
		</Extensions>
	</Project>
</CodeBlocks_project_file>
