<?xml version="1.0" encoding="UTF-8" standalone="yes" ?>
<CodeBlocks_project_file>
	<FileVersion major="1" minor="6" />
	<Project>
		<Option title="Editor" />
		<Option pch_mode="2" />
		<Option compiler="gcc" />
		<Build>
			<Target title="Linux-Release">
				<Option output="bin/Release/Editor" prefix_auto="1" extension_auto="1" />
				<Option object_output="obj/Release/" />
				<Option type="1" />
				<Option compiler="gcc" />
				<Compiler>
					<Add option="-O2" />
					<Add directory="/usr/include/OGRE/" />
					<Add directory="/usr/include/CEGUI/" />
				</Compiler>
				<Linker>
					<Add option="-s" />
					<Add option="`pkg-config --libs OGRE`" />
					<Add library="OgreMain" />
					<Add library="OIS" />
					<Add library="CEGUIOgreRenderer" />
					<Add library="CEGUIBase" />
					<Add library="lua50" />
					<Add library="lualib50" />
				</Linker>
			</Target>
			<Target title="Windows-Release">
				<Option output="bin/Release/Editor" prefix_auto="1" extension_auto="1" />
				<Option object_output="obj/Release/" />
				<Option type="1" />
				<Option compiler="gcc" />
				<Compiler>
					<Add option="-O2" />
					<Add directory="$(OGRE_HOME)/include" />
					<Add directory="$(CEGUI_HOME)/include" />
					<Add directory="$(OGRE_HOME)/include/CEGUI/" />
					<Add directory="$(OGRE_HOME)/samples/include" />
				</Compiler>
				<Linker>
					<Add option="-s" />
					<Add option="`pkg-config --libs OGRE`" />
					<Add library="OgreMain" />
					<Add library="OIS" />
					<Add library="OgreGUIRenderer" />
					<Add library="CEGUIBase" />
					<Add library="lua51" />
					<Add directory="$(OGRE_HOME)/bin/release" />
					<Add directory="../Engine/lua51" />
				</Linker>
			</Target>
		</Build>
		<Compiler>
			<Add option="-Wall" />
			<Add option="-DDUSK_EDITOR" />
		</Compiler>
		<Unit filename="EditorApplication.cpp" />
		<Unit filename="EditorApplication.h" />
		<Unit filename="EditorApplicationBase.cpp" />
		<Unit filename="EditorApplicationBase.h" />
		<Unit filename="EditorApplicationItem.cpp" />
		<Unit filename="EditorApplicationItem.h" />
		<Unit filename="EditorApplicationJournal.cpp" />
		<Unit filename="EditorApplicationJournal.h" />
		<Unit filename="EditorApplicationLight.cpp" />
		<Unit filename="EditorApplicationLight.h" />
		<Unit filename="EditorApplicationNPC.cpp" />
		<Unit filename="EditorApplicationNPC.h" />
		<Unit filename="EditorApplicationObject.cpp" />
		<Unit filename="EditorApplicationObject.h" />
		<Unit filename="EditorApplicationProjectile.cpp" />
		<Unit filename="EditorApplicationProjectile.h" />
		<Unit filename="EditorApplicationVehicle.cpp" />
		<Unit filename="EditorApplicationVehicle.h" />
		<Unit filename="EditorApplicationWeapon.cpp" />
		<Unit filename="EditorApplicationWeapon.h" />
		<Unit filename="EditorCamera.cpp" />
		<Unit filename="EditorCamera.h" />
		<Unit filename="EditorFrameListener.cpp" />
		<Unit filename="EditorFrameListener.h" />
		<Unit filename="main.cpp" />
		<Unit filename="../Engine/API.cpp" />
		<Unit filename="../Engine/API.h" />
		<Unit filename="../Engine/AnimatedObject.cpp" />
		<Unit filename="../Engine/AnimatedObject.h" />
		<Unit filename="../Engine/Celestial.cpp" />
		<Unit filename="../Engine/Celestial.h" />
		<Unit filename="../Engine/Container.cpp" />
		<Unit filename="../Engine/Container.h" />
		<Unit filename="../Engine/ContainerRecord.cpp" />
		<Unit filename="../Engine/ContainerRecord.h" />
		<Unit filename="../Engine/DataLoader.cpp" />
		<Unit filename="../Engine/DataLoader.h" />
		<Unit filename="../Engine/Database.cpp" />
		<Unit filename="../Engine/Database.h" />
		<Unit filename="../Engine/Dialogue.cpp" />
		<Unit filename="../Engine/Dialogue.h" />
		<Unit filename="../Engine/DiceBox.cpp" />
		<Unit filename="../Engine/DiceBox.h" />
		<Unit filename="../Engine/DuskConstants.h" />
		<Unit filename="../Engine/DuskExceptions.cpp" />
		<Unit filename="../Engine/DuskExceptions.h" />
		<Unit filename="../Engine/DuskFunctions.cpp" />
		<Unit filename="../Engine/DuskFunctions.h" />
		<Unit filename="../Engine/DuskObject.cpp" />
		<Unit filename="../Engine/DuskObject.h" />
		<Unit filename="../Engine/DuskTypes.h" />
		<Unit filename="../Engine/InjectionManager.cpp" />
		<Unit filename="../Engine/InjectionManager.h" />
		<Unit filename="../Engine/InjectionObject.cpp" />
		<Unit filename="../Engine/InjectionObject.h" />
		<Unit filename="../Engine/Inventory.cpp" />
		<Unit filename="../Engine/Inventory.h" />
		<Unit filename="../Engine/Item.cpp" />
		<Unit filename="../Engine/Item.h" />
		<Unit filename="../Engine/ItemRecord.cpp" />
		<Unit filename="../Engine/ItemRecord.h" />
		<Unit filename="../Engine/Journal.cpp" />
		<Unit filename="../Engine/Journal.h" />
		<Unit filename="../Engine/Landscape.cpp" />
		<Unit filename="../Engine/Landscape.h" />
		<Unit filename="../Engine/Light.cpp" />
		<Unit filename="../Engine/Light.h" />
		<Unit filename="../Engine/LightRecord.cpp" />
		<Unit filename="../Engine/LightRecord.h" />
		<Unit filename="../Engine/LuaBindingsAnimated.cpp" />
		<Unit filename="../Engine/LuaBindingsAnimated.h" />
		<Unit filename="../Engine/LuaBindingsNPC.cpp" />
		<Unit filename="../Engine/LuaBindingsNPC.h" />
		<Unit filename="../Engine/LuaBindingsObject.cpp" />
		<Unit filename="../Engine/LuaBindingsObject.h" />
		<Unit filename="../Engine/LuaBindingsQuestLog.cpp" />
		<Unit filename="../Engine/LuaBindingsQuestLog.h" />
		<Unit filename="../Engine/LuaBindingsSound.cpp" />
		<Unit filename="../Engine/LuaBindingsSound.h" />
		<Unit filename="../Engine/LuaBindingsUniformMotion.cpp" />
		<Unit filename="../Engine/LuaBindingsUniformMotion.h" />
		<Unit filename="../Engine/LuaBindingsWeather.cpp" />
		<Unit filename="../Engine/LuaBindingsWeather.h" />
		<Unit filename="../Engine/LuaEngine.cpp" />
		<Unit filename="../Engine/LuaEngine.h" />
		<Unit filename="../Engine/LuaIncludes.h" />
		<Unit filename="../Engine/Messages.cpp" />
		<Unit filename="../Engine/Messages.h" />
		<Unit filename="../Engine/NPC.cpp" />
		<Unit filename="../Engine/NPC.h" />
		<Unit filename="../Engine/NPCBase.h" />
		<Unit filename="../Engine/NPCRecord.cpp" />
		<Unit filename="../Engine/NPCRecord.h" />
		<Unit filename="../Engine/ObjectManager.cpp" />
		<Unit filename="../Engine/ObjectManager.h" />
		<Unit filename="../Engine/ObjectRecord.cpp" />
		<Unit filename="../Engine/ObjectRecord.h" />
		<Unit filename="../Engine/Player.cpp" />
		<Unit filename="../Engine/Player.h" />
		<Unit filename="../Engine/Projectile.cpp" />
		<Unit filename="../Engine/Projectile.h" />
		<Unit filename="../Engine/ProjectileRecord.cpp" />
		<Unit filename="../Engine/ProjectileRecord.h" />
		<Unit filename="../Engine/QuestLog.cpp" />
		<Unit filename="../Engine/QuestLog.h" />
		<Unit filename="../Engine/Resource.cpp" />
		<Unit filename="../Engine/Resource.h" />
		<Unit filename="../Engine/ResourceRecord.cpp" />
		<Unit filename="../Engine/ResourceRecord.h" />
		<Unit filename="../Engine/Script.cpp" />
		<Unit filename="../Engine/Script.h" />
		<Unit filename="../Engine/Settings.cpp" />
		<Unit filename="../Engine/Settings.h" />
		<Unit filename="../Engine/Sound.cpp" />
		<Unit filename="../Engine/Sound.h" />
		<Unit filename="../Engine/SoundBase.cpp" />
		<Unit filename="../Engine/SoundBase.h" />
		<Unit filename="../Engine/Sun.cpp" />
		<Unit filename="../Engine/Sun.h" />
		<Unit filename="../Engine/UniformMotionObject.cpp" />
		<Unit filename="../Engine/UniformMotionObject.h" />
		<Unit filename="../Engine/Vehicle.cpp" />
		<Unit filename="../Engine/Vehicle.h" />
		<Unit filename="../Engine/VehicleRecord.cpp" />
		<Unit filename="../Engine/VehicleRecord.h" />
		<Unit filename="../Engine/VertexDataFunc.cpp" />
		<Unit filename="../Engine/VertexDataFunc.h" />
		<Unit filename="../Engine/WaypointObject.cpp" />
		<Unit filename="../Engine/WaypointObject.h" />
		<Unit filename="../Engine/Weapon.cpp" />
		<Unit filename="../Engine/Weapon.h" />
		<Unit filename="../Engine/WeaponRecord.cpp" />
		<Unit filename="../Engine/WeaponRecord.h" />
		<Unit filename="../Engine/Weather.cpp" />
		<Unit filename="../Engine/Weather.h" />
		<Extensions>
			<code_completion />
			<debugger />
			<envvars />
		</Extensions>
	</Project>
</CodeBlocks_project_file>
